
Microsoft Visual Studio Solution File, Format Version 12.00
# Visual Studio Version 17
VisualStudioVersion = 17.5.33516.290
MinimumVisualStudioVersion = 10.0.40219.1
Project("{FAE04EC0-301F-11D3-BF4B-00C04F79EFBC}") = "ContentHub_RestApi_Assets", "ContentHub_RestApi_Assets.csproj", "{7BA16ADD-7C38-4A1A-A6E8-D1C230B83496}"
EndProject
Global
	GlobalSection(SolutionConfigurationPlatforms) = preSolution
		Debug|Any CPU = Debug|Any CPU
		Release|Any CPU = Release|Any CPU
	EndGlobalSection
	GlobalSection(ProjectConfigurationPlatforms) = postSolution
		{7BA16ADD-7C38-4A1A-A6E8-D1C230B83496}.Debug|Any CPU.ActiveCfg = Debug|Any CPU
		{7BA16ADD-7C38-4A1A-A6E8-D1C230B83496}.Debug|Any CPU.Build.0 = Debug|Any CPU
		{7BA16ADD-7C38-4A1A-A6E8-D1C230B83496}.Release|Any CPU.ActiveCfg = Release|Any CPU
		{7BA16ADD-7C38-4A1A-A6E8-D1C230B83496}.Release|Any CPU.Build.0 = Release|Any CPU
	EndGlobalSection
	GlobalSection(SolutionProperties) = preSolution
		HideSolutionNode = FALSE
	EndGlobalSection
	GlobalSection(ExtensibilityGlobals) = postSolution
		SolutionGuid = {CAEC3B09-2BD2-4E07-BE50-B0C11DE5E13F}
	EndGlobalSection
EndGlobal
